
Microsoft Visual Studio Solution File, Format Version 12.00
# Visual Studio Version 17
VisualStudioVersion = 17.10.35122.118
MinimumVisualStudioVersion = 10.0.40219.1
Project("{FAE04EC0-301F-11D3-BF4B-00C04F79EFBC}") = "Devlance-Core", "Devlance-Core.csproj", "{FF16E4BC-5516-47C8-A708-E4F28DD76028}"
EndProject
Project("{2150E333-8FDC-42A3-9474-1A3956D46DE8}") = "Presentation", "Presentation", "{A486E1DC-414F-4601-B645-E6E1B9C360D3}"
EndProject
Project("{2150E333-8FDC-42A3-9474-1A3956D46DE8}") = "Domain", "Domain", "{975D9C72-438E-4E30-8142-551111B14EC4}"
EndProject
Project("{2150E333-8FDC-42A3-9474-1A3956D46DE8}") = "Application", "Application", "{189612BC-65EB-4F0B-990C-5AB1F1FB2DE9}"
EndProject
Project("{2150E333-8FDC-42A3-9474-1A3956D46DE8}") = "Infrastructure", "Infrastructure", "{652B5A41-0758-453F-B2EC-F7C95AA5BE49}"
EndProject
Project("{FAE04EC0-301F-11D3-BF4B-00C04F79EFBC}") = "Devlance.Domain", "..\Devlance.Domain\Devlance.Domain.csproj", "{84ABFF8B-BFF9-4773-9FBF-D1ADE57C5149}"
EndProject
Project("{FAE04EC0-301F-11D3-BF4B-00C04F79EFBC}") = "Devlance.Infrastructure", "..\Devlance.Infrastructure\Devlance.Infrastructure.csproj", "{57EB6117-C97B-4F84-8D6D-69CD25366699}"
EndProject
Project("{FAE04EC0-301F-11D3-BF4B-00C04F79EFBC}") = "Devlance.Application", "..\Devlance.Application\Devlance.Application.csproj", "{0B6BBF24-44C8-4CAC-A813-CC7374160F8F}"
EndProject
Global
	GlobalSection(SolutionConfigurationPlatforms) = preSolution
		Debug|Any CPU = Debug|Any CPU
		Release|Any CPU = Release|Any CPU
	EndGlobalSection
	GlobalSection(ProjectConfigurationPlatforms) = postSolution
		{FF16E4BC-5516-47C8-A708-E4F28DD76028}.Debug|Any CPU.ActiveCfg = Debug|Any CPU
		{FF16E4BC-5516-47C8-A708-E4F28DD76028}.Debug|Any CPU.Build.0 = Debug|Any CPU
		{FF16E4BC-5516-47C8-A708-E4F28DD76028}.Release|Any CPU.ActiveCfg = Release|Any CPU
		{FF16E4BC-5516-47C8-A708-E4F28DD76028}.Release|Any CPU.Build.0 = Release|Any CPU
		{84ABFF8B-BFF9-4773-9FBF-D1ADE57C5149}.Debug|Any CPU.ActiveCfg = Debug|Any CPU
		{84ABFF8B-BFF9-4773-9FBF-D1ADE57C5149}.Debug|Any CPU.Build.0 = Debug|Any CPU
		{84ABFF8B-BFF9-4773-9FBF-D1ADE57C5149}.Release|Any CPU.ActiveCfg = Release|Any CPU
		{84ABFF8B-BFF9-4773-9FBF-D1ADE57C5149}.Release|Any CPU.Build.0 = Release|Any CPU
		{57EB6117-C97B-4F84-8D6D-69CD25366699}.Debug|Any CPU.ActiveCfg = Debug|Any CPU
		{57EB6117-C97B-4F84-8D6D-69CD25366699}.Debug|Any CPU.Build.0 = Debug|Any CPU
		{57EB6117-C97B-4F84-8D6D-69CD25366699}.Release|Any CPU.ActiveCfg = Release|Any CPU
		{57EB6117-C97B-4F84-8D6D-69CD25366699}.Release|Any CPU.Build.0 = Release|Any CPU
		{0B6BBF24-44C8-4CAC-A813-CC7374160F8F}.Debug|Any CPU.ActiveCfg = Debug|Any CPU
		{0B6BBF24-44C8-4CAC-A813-CC7374160F8F}.Debug|Any CPU.Build.0 = Debug|Any CPU
		{0B6BBF24-44C8-4CAC-A813-CC7374160F8F}.Release|Any CPU.ActiveCfg = Release|Any CPU
		{0B6BBF24-44C8-4CAC-A813-CC7374160F8F}.Release|Any CPU.Build.0 = Release|Any CPU
	EndGlobalSection
	GlobalSection(SolutionProperties) = preSolution
		HideSolutionNode = FALSE
	EndGlobalSection
	GlobalSection(NestedProjects) = preSolution
		{FF16E4BC-5516-47C8-A708-E4F28DD76028} = {A486E1DC-414F-4601-B645-E6E1B9C360D3}
		{84ABFF8B-BFF9-4773-9FBF-D1ADE57C5149} = {975D9C72-438E-4E30-8142-551111B14EC4}
		{57EB6117-C97B-4F84-8D6D-69CD25366699} = {652B5A41-0758-453F-B2EC-F7C95AA5BE49}
		{0B6BBF24-44C8-4CAC-A813-CC7374160F8F} = {189612BC-65EB-4F0B-990C-5AB1F1FB2DE9}
	EndGlobalSection
	GlobalSection(ExtensibilityGlobals) = postSolution
		SolutionGuid = {D7D1D154-8931-444A-B5C4-FCAEA3252B45}
	EndGlobalSection
EndGlobal
